// !$*UTF8*$!
{
	archiveVersion = 1;
	classes = {
	};
	objectVersion = 48;
	objects = {

/* Begin PBXBuildFile section */
		7036CDAF204C10D000105DED /* AppDelegate.swift in Sources */ = {isa = PBXBuildFile; fileRef = 7036CDAE204C10D000105DED /* AppDelegate.swift */; };
		7036CDB1204C10D000105DED /* ViewController.swift in Sources */ = {isa = PBXBuildFile; fileRef = 7036CDB0204C10D000105DED /* ViewController.swift */; };
		7036CDB4204C10D000105DED /* Main.storyboard in Resources */ = {isa = PBXBuildFile; fileRef = 7036CDB2204C10D000105DED /* Main.storyboard */; };
		7036CDB6204C10D000105DED /* Assets.xcassets in Resources */ = {isa = PBXBuildFile; fileRef = 7036CDB5204C10D000105DED /* Assets.xcassets */; };
		7036CDB9204C10D000105DED /* LaunchScreen.storyboard in Resources */ = {isa = PBXBuildFile; fileRef = 7036CDB7204C10D000105DED /* LaunchScreen.storyboard */; };
		7036CDC4204C10D000105DED /* CoreMLTuricreateTests.swift in Sources */ = {isa = PBXBuildFile; fileRef = 7036CDC3204C10D000105DED /* CoreMLTuricreateTests.swift */; };
		7036CDCF204C10D000105DED /* CoreMLTuricreateUITests.swift in Sources */ = {isa = PBXBuildFile; fileRef = 7036CDCE204C10D000105DED /* CoreMLTuricreateUITests.swift */; };
/* End PBXBuildFile section */

/* Begin PBXContainerItemProxy section */
		7036CDC0204C10D000105DED /* PBXContainerItemProxy */ = {
			isa = PBXContainerItemProxy;
			containerPortal = 7036CDA3204C10D000105DED /* Project object */;
			proxyType = 1;
			remoteGlobalIDString = 7036CDAA204C10D000105DED;
			remoteInfo = CoreMLTuricreate;
		};
		7036CDCB204C10D000105DED /* PBXContainerItemProxy */ = {
			isa = PBXContainerItemProxy;
			containerPortal = 7036CDA3204C10D000105DED /* Project object */;
			proxyType = 1;
			remoteGlobalIDString = 7036CDAA204C10D000105DED;
			remoteInfo = CoreMLTuricreate;
		};
/* End PBXContainerItemProxy section */

/* Begin PBXFileReference section */
		7036CDAB204C10D000105DED /* CoreMLTuricreate.app */ = {isa = PBXFileReference; explicitFileType = wrapper.application; includeInIndex = 0; path = CoreMLTuricreate.app; sourceTree = BUILT_PRODUCTS_DIR; };
		7036CDAE204C10D000105DED /* AppDelegate.swift */ = {isa = PBXFileReference; lastKnownFileType = sourcecode.swift; path = AppDelegate.swift; sourceTree = "<group>"; };
		7036CDB0204C10D000105DED /* ViewController.swift */ = {isa = PBXFileReference; lastKnownFileType = sourcecode.swift; path = ViewController.swift; sourceTree = "<group>"; };
		7036CDB3204C10D000105DED /* Base */ = {isa = PBXFileReference; lastKnownFileType = file.storyboard; name = Base; path = Base.lproj/Main.storyboard; sourceTree = "<group>"; };
		7036CDB5204C10D000105DED /* Assets.xcassets */ = {isa = PBXFileReference; lastKnownFileType = folder.assetcatalog; path = Assets.xcassets; sourceTree = "<group>"; };
		7036CDB8204C10D000105DED /* Base */ = {isa = PBXFileReference; lastKnownFileType = file.storyboard; name = Base; path = Base.lproj/LaunchScreen.storyboard; sourceTree = "<group>"; };
		7036CDBA204C10D000105DED /* Info.plist */ = {isa = PBXFileReference; lastKnownFileType = text.plist.xml; path = Info.plist; sourceTree = "<group>"; };
		7036CDBF204C10D000105DED /* CoreMLTuricreateTests.xctest */ = {isa = PBXFileReference; explicitFileType = wrapper.cfbundle; includeInIndex = 0; path = CoreMLTuricreateTests.xctest; sourceTree = BUILT_PRODUCTS_DIR; };
		7036CDC3204C10D000105DED /* CoreMLTuricreateTests.swift */ = {isa = PBXFileReference; lastKnownFileType = sourcecode.swift; path = CoreMLTuricreateTests.swift; sourceTree = "<group>"; };
		7036CDC5204C10D000105DED /* Info.plist */ = {isa = PBXFileReference; lastKnownFileType = text.plist.xml; path = Info.plist; sourceTree = "<group>"; };
		7036CDCA204C10D000105DED /* CoreMLTuricreateUITests.xctest */ = {isa = PBXFileReference; explicitFileType = wrapper.cfbundle; includeInIndex = 0; path = CoreMLTuricreateUITests.xctest; sourceTree = BUILT_PRODUCTS_DIR; };
		7036CDCE204C10D000105DED /* CoreMLTuricreateUITests.swift */ = {isa = PBXFileReference; lastKnownFileType = sourcecode.swift; path = CoreMLTuricreateUITests.swift; sourceTree = "<group>"; };
		7036CDD0204C10D000105DED /* Info.plist */ = {isa = PBXFileReference; lastKnownFileType = text.plist.xml; path = Info.plist; sourceTree = "<group>"; };
/* End PBXFileReference section */

/* Begin PBXFrameworksBuildPhase section */
		7036CDA8204C10D000105DED /* Frameworks */ = {
			isa = PBXFrameworksBuildPhase;
			buildActionMask = 2147483647;
			files = (
			);
			runOnlyForDeploymentPostprocessing = 0;
		};
		7036CDBC204C10D000105DED /* Frameworks */ = {
			isa = PBXFrameworksBuildPhase;
			buildActionMask = 2147483647;
			files = (
			);
			runOnlyForDeploymentPostprocessing = 0;
		};
		7036CDC7204C10D000105DED /* Frameworks */ = {
			isa = PBXFrameworksBuildPhase;
			buildActionMask = 2147483647;
			files = (
			);
			runOnlyForDeploymentPostprocessing = 0;
		};
/* End PBXFrameworksBuildPhase section */

/* Begin PBXGroup section */
		7036CDA2204C10D000105DED = {
			isa = PBXGroup;
			children = (
				7036CDAD204C10D000105DED /* CoreMLTuricreate */,
				7036CDC2204C10D000105DED /* CoreMLTuricreateTests */,
				7036CDCD204C10D000105DED /* CoreMLTuricreateUITests */,
				7036CDAC204C10D000105DED /* Products */,
			);
			sourceTree = "<group>";
		};
		7036CDAC204C10D000105DED /* Products */ = {
			isa = PBXGroup;
			children = (
				7036CDAB204C10D000105DED /* CoreMLTuricreate.app */,
				7036CDBF204C10D000105DED /* CoreMLTuricreateTests.xctest */,
				7036CDCA204C10D000105DED /* CoreMLTuricreateUITests.xctest */,
			);
			name = Products;
			sourceTree = "<group>";
		};
		7036CDAD204C10D000105DED /* CoreMLTuricreate */ = {
			isa = PBXGroup;
			children = (
				7036CDAE204C10D000105DED /* AppDelegate.swift */,
				7036CDB0204C10D000105DED /* ViewController.swift */,
				7036CDB2204C10D000105DED /* Main.storyboard */,
				7036CDB5204C10D000105DED /* Assets.xcassets */,
				7036CDB7204C10D000105DED /* LaunchScreen.storyboard */,
				7036CDBA204C10D000105DED /* Info.plist */,
			);
			path = CoreMLTuricreate;
			sourceTree = "<group>";
		};
		7036CDC2204C10D000105DED /* CoreMLTuricreateTests */ = {
			isa = PBXGroup;
			children = (
				7036CDC3204C10D000105DED /* CoreMLTuricreateTests.swift */,
				7036CDC5204C10D000105DED /* Info.plist */,
			);
			path = CoreMLTuricreateTests;
			sourceTree = "<group>";
		};
		7036CDCD204C10D000105DED /* CoreMLTuricreateUITests */ = {
			isa = PBXGroup;
			children = (
				7036CDCE204C10D000105DED /* CoreMLTuricreateUITests.swift */,
				7036CDD0204C10D000105DED /* Info.plist */,
			);
			path = CoreMLTuricreateUITests;
			sourceTree = "<group>";
		};
/* End PBXGroup section */

/* Begin PBXNativeTarget section */
		7036CDAA204C10D000105DED /* CoreMLTuricreate */ = {
			isa = PBXNativeTarget;
			buildConfigurationList = 7036CDD3204C10D000105DED /* Build configuration list for PBXNativeTarget "CoreMLTuricreate" */;
			buildPhases = (
				7036CDA7204C10D000105DED /* Sources */,
				7036CDA8204C10D000105DED /* Frameworks */,
				7036CDA9204C10D000105DED /* Resources */,
			);
			buildRules = (
			);
			dependencies = (
			);
			name = CoreMLTuricreate;
			productName = CoreMLTuricreate;
			productReference = 7036CDAB204C10D000105DED /* CoreMLTuricreate.app */;
			productType = "com.apple.product-type.application";
		};
		7036CDBE204C10D000105DED /* CoreMLTuricreateTests */ = {
			isa = PBXNativeTarget;
			buildConfigurationList = 7036CDD6204C10D000105DED /* Build configuration list for PBXNativeTarget "CoreMLTuricreateTests" */;
			buildPhases = (
				7036CDBB204C10D000105DED /* Sources */,
				7036CDBC204C10D000105DED /* Frameworks */,
				7036CDBD204C10D000105DED /* Resources */,
			);
			buildRules = (
			);
			dependencies = (
				7036CDC1204C10D000105DED /* PBXTargetDependency */,
			);
			name = CoreMLTuricreateTests;
			productName = CoreMLTuricreateTests;
			productReference = 7036CDBF204C10D000105DED /* CoreMLTuricreateTests.xctest */;
			productType = "com.apple.product-type.bundle.unit-test";
		};
		7036CDC9204C10D000105DED /* CoreMLTuricreateUITests */ = {
			isa = PBXNativeTarget;
			buildConfigurationList = 7036CDD9204C10D000105DED /* Build configuration list for PBXNativeTarget "CoreMLTuricreateUITests" */;
			buildPhases = (
				7036CDC6204C10D000105DED /* Sources */,
				7036CDC7204C10D000105DED /* Frameworks */,
				7036CDC8204C10D000105DED /* Resources */,
			);
			buildRules = (
			);
			dependencies = (
				7036CDCC204C10D000105DED /* PBXTargetDependency */,
			);
			name = CoreMLTuricreateUITests;
			productName = CoreMLTuricreateUITests;
			productReference = 7036CDCA204C10D000105DED /* CoreMLTuricreateUITests.xctest */;
			productType = "com.apple.product-type.bundle.ui-testing";
		};
/* End PBXNativeTarget section */

/* Begin PBXProject section */
		7036CDA3204C10D000105DED /* Project object */ = {
			isa = PBXProject;
			attributes = {
				LastSwiftUpdateCheck = 0920;
				LastUpgradeCheck = 0920;
				ORGANIZATIONNAME = lennartolsen.net;
				TargetAttributes = {
					7036CDAA204C10D000105DED = {
						CreatedOnToolsVersion = 9.2;
						ProvisioningStyle = Automatic;
					};
					7036CDBE204C10D000105DED = {
						CreatedOnToolsVersion = 9.2;
						ProvisioningStyle = Automatic;
						TestTargetID = 7036CDAA204C10D000105DED;
					};
					7036CDC9204C10D000105DED = {
						CreatedOnToolsVersion = 9.2;
						ProvisioningStyle = Automatic;
						TestTargetID = 7036CDAA204C10D000105DED;
					};
				};
			};
			buildConfigurationList = 7036CDA6204C10D000105DED /* Build configuration list for PBXProject "CoreMLTuricreate" */;
			compatibilityVersion = "Xcode 8.0";
			developmentRegion = en;
			hasScannedForEncodings = 0;
			knownRegions = (
				en,
				Base,
			);
			mainGroup = 7036CDA2204C10D000105DED;
			productRefGroup = 7036CDAC204C10D000105DED /* Products */;
			projectDirPath = "";
			projectRoot = "";
			targets = (
				7036CDAA204C10D000105DED /* CoreMLTuricreate */,
				7036CDBE204C10D000105DED /* CoreMLTuricreateTests */,
				7036CDC9204C10D000105DED /* CoreMLTuricreateUITests */,
			);
		};
/* End PBXProject section */

/* Begin PBXResourcesBuildPhase section */
		7036CDA9204C10D000105DED /* Resources */ = {
			isa = PBXResourcesBuildPhase;
			buildActionMask = 2147483647;
			files = (
				7036CDB9204C10D000105DED /* LaunchScreen.storyboard in Resources */,
				7036CDB6204C10D000105DED /* Assets.xcassets in Resources */,
				7036CDB4204C10D000105DED /* Main.storyboard in Resources */,
			);
			runOnlyForDeploymentPostprocessing = 0;
		};
		7036CDBD204C10D000105DED /* Resources */ = {
			isa = PBXResourcesBuildPhase;
			buildActionMask = 2147483647;
			files = (
			);
			runOnlyForDeploymentPostprocessing = 0;
		};
		7036CDC8204C10D000105DED /* Resources */ = {
			isa = PBXResourcesBuildPhase;
			buildActionMask = 2147483647;
			files = (
			);
			runOnlyForDeploymentPostprocessing = 0;
		};
/* End PBXResourcesBuildPhase section */

/* Begin PBXSourcesBuildPhase section */
		7036CDA7204C10D000105DED /* Sources */ = {
			isa = PBXSourcesBuildPhase;
			buildActionMask = 2147483647;
			files = (
				7036CDB1204C10D000105DED /* ViewController.swift in Sources */,
				7036CDAF204C10D000105DED /* AppDelegate.swift in Sources */,
			);
			runOnlyForDeploymentPostprocessing = 0;
		};
		7036CDBB204C10D000105DED /* Sources */ = {
			isa = PBXSourcesBuildPhase;
			buildActionMask = 2147483647;
			files = (
				7036CDC4204C10D000105DED /* CoreMLTuricreateTests.swift in Sources */,
			);
			runOnlyForDeploymentPostprocessing = 0;
		};
		7036CDC6204C10D000105DED /* Sources */ = {
			isa = PBXSourcesBuildPhase;
			buildActionMask = 2147483647;
			files = (
				7036CDCF204C10D000105DED /* CoreMLTuricreateUITests.swift in Sources */,
			);
			runOnlyForDeploymentPostprocessing = 0;
		};
/* End PBXSourcesBuildPhase section */

/* Begin PBXTargetDependency section */
		7036CDC1204C10D000105DED /* PBXTargetDependency */ = {
			isa = PBXTargetDependency;
			target = 7036CDAA204C10D000105DED /* CoreMLTuricreate */;
			targetProxy = 7036CDC0204C10D000105DED /* PBXContainerItemProxy */;
		};
		7036CDCC204C10D000105DED /* PBXTargetDependency */ = {
			isa = PBXTargetDependency;
			target = 7036CDAA204C10D000105DED /* CoreMLTuricreate */;
			targetProxy = 7036CDCB204C10D000105DED /* PBXContainerItemProxy */;
		};
/* End PBXTargetDependency section */

/* Begin PBXVariantGroup section */
		7036CDB2204C10D000105DED /* Main.storyboard */ = {
			isa = PBXVariantGroup;
			children = (
				7036CDB3204C10D000105DED /* Base */,
			);
			name = Main.storyboard;
			sourceTree = "<group>";
		};
		7036CDB7204C10D000105DED /* LaunchScreen.storyboard */ = {
			isa = PBXVariantGroup;
			children = (
				7036CDB8204C10D000105DED /* Base */,
			);
			name = LaunchScreen.storyboard;
			sourceTree = "<group>";
		};
/* End PBXVariantGroup section */

/* Begin XCBuildConfiguration section */
		7036CDD1204C10D000105DED /* Debug */ = {
			isa = XCBuildConfiguration;
			buildSettings = {
				ALWAYS_SEARCH_USER_PATHS = NO;
				CLANG_ANALYZER_NONNULL = YES;
				CLANG_ANALYZER_NUMBER_OBJECT_CONVERSION = YES_AGGRESSIVE;
				CLANG_CXX_LANGUAGE_STANDARD = "gnu++14";
				CLANG_CXX_LIBRARY = "libc++";
				CLANG_ENABLE_MODULES = YES;
				CLANG_ENABLE_OBJC_ARC = YES;
				CLANG_WARN_BLOCK_CAPTURE_AUTORELEASING = YES;
				CLANG_WARN_BOOL_CONVERSION = YES;
				CLANG_WARN_COMMA = YES;
				CLANG_WARN_CONSTANT_CONVERSION = YES;
				CLANG_WARN_DIRECT_OBJC_ISA_USAGE = YES_ERROR;
				CLANG_WARN_DOCUMENTATION_COMMENTS = YES;
				CLANG_WARN_EMPTY_BODY = YES;
				CLANG_WARN_ENUM_CONVERSION = YES;
				CLANG_WARN_INFINITE_RECURSION = YES;
				CLANG_WARN_INT_CONVERSION = YES;
				CLANG_WARN_NON_LITERAL_NULL_CONVERSION = YES;
				CLANG_WARN_OBJC_LITERAL_CONVERSION = YES;
				CLANG_WARN_OBJC_ROOT_CLASS = YES_ERROR;
				CLANG_WARN_RANGE_LOOP_ANALYSIS = YES;
				CLANG_WARN_STRICT_PROTOTYPES = YES;
				CLANG_WARN_SUSPICIOUS_MOVE = YES;
				CLANG_WARN_UNGUARDED_AVAILABILITY = YES_AGGRESSIVE;
				CLANG_WARN_UNREACHABLE_CODE = YES;
				CLANG_WARN__DUPLICATE_METHOD_MATCH = YES;
				CODE_SIGN_IDENTITY = "iPhone Developer";
				COPY_PHASE_STRIP = NO;
				DEBUG_INFORMATION_FORMAT = dwarf;
				ENABLE_STRICT_OBJC_MSGSEND = YES;
				ENABLE_TESTABILITY = YES;
				GCC_C_LANGUAGE_STANDARD = gnu11;
				GCC_DYNAMIC_NO_PIC = NO;
				GCC_NO_COMMON_BLOCKS = YES;
				GCC_OPTIMIZATION_LEVEL = 0;
				GCC_PREPROCESSOR_DEFINITIONS = (
					"DEBUG=1",
					"$(inherited)",
				);
				GCC_WARN_64_TO_32_BIT_CONVERSION = YES;
				GCC_WARN_ABOUT_RETURN_TYPE = YES_ERROR;
				GCC_WARN_UNDECLARED_SELECTOR = YES;
				GCC_WARN_UNINITIALIZED_AUTOS = YES_AGGRESSIVE;
				GCC_WARN_UNUSED_FUNCTION = YES;
				GCC_WARN_UNUSED_VARIABLE = YES;
				IPHONEOS_DEPLOYMENT_TARGET = 11.2;
				MTL_ENABLE_DEBUG_INFO = YES;
				ONLY_ACTIVE_ARCH = YES;
				SDKROOT = iphoneos;
				SWIFT_ACTIVE_COMPILATION_CONDITIONS = DEBUG;
				SWIFT_OPTIMIZATION_LEVEL = "-Onone";
			};
			name = Debug;
		};
		7036CDD2204C10D000105DED /* Release */ = {
			isa = XCBuildConfiguration;
			buildSettings = {
				ALWAYS_SEARCH_USER_PATHS = NO;
				CLANG_ANALYZER_NONNULL = YES;
				CLANG_ANALYZER_NUMBER_OBJECT_CONVERSION = YES_AGGRESSIVE;
				CLANG_CXX_LANGUAGE_STANDARD = "gnu++14";
				CLANG_CXX_LIBRARY = "libc++";
				CLANG_ENABLE_MODULES = YES;
				CLANG_ENABLE_OBJC_ARC = YES;
				CLANG_WARN_BLOCK_CAPTURE_AUTORELEASING = YES;
				CLANG_WARN_BOOL_CONVERSION = YES;
				CLANG_WARN_COMMA = YES;
				CLANG_WARN_CONSTANT_CONVERSION = YES;
				CLANG_WARN_DIRECT_OBJC_ISA_USAGE = YES_ERROR;
				CLANG_WARN_DOCUMENTATION_COMMENTS = YES;
				CLANG_WARN_EMPTY_BODY = YES;
				CLANG_WARN_ENUM_CONVERSION = YES;
				CLANG_WARN_INFINITE_RECURSION = YES;
				CLANG_WARN_INT_CONVERSION = YES;
				CLANG_WARN_NON_LITERAL_NULL_CONVERSION = YES;
				CLANG_WARN_OBJC_LITERAL_CONVERSION = YES;
				CLANG_WARN_OBJC_ROOT_CLASS = YES_ERROR;
				CLANG_WARN_RANGE_LOOP_ANALYSIS = YES;
				CLANG_WARN_STRICT_PROTOTYPES = YES;
				CLANG_WARN_SUSPICIOUS_MOVE = YES;
				CLANG_WARN_UNGUARDED_AVAILABILITY = YES_AGGRESSIVE;
				CLANG_WARN_UNREACHABLE_CODE = YES;
				CLANG_WARN__DUPLICATE_METHOD_MATCH = YES;
				CODE_SIGN_IDENTITY = "iPhone Developer";
				COPY_PHASE_STRIP = NO;
				DEBUG_INFORMATION_FORMAT = "dwarf-with-dsym";
				ENABLE_NS_ASSERTIONS = NO;
				ENABLE_STRICT_OBJC_MSGSEND = YES;
				GCC_C_LANGUAGE_STANDARD = gnu11;
				GCC_NO_COMMON_BLOCKS = YES;
				GCC_WARN_64_TO_32_BIT_CONVERSION = YES;
				GCC_WARN_ABOUT_RETURN_TYPE = YES_ERROR;
				GCC_WARN_UNDECLARED_SELECTOR = YES;
				GCC_WARN_UNINITIALIZED_AUTOS = YES_AGGRESSIVE;
				GCC_WARN_UNUSED_FUNCTION = YES;
				GCC_WARN_UNUSED_VARIABLE = YES;
				IPHONEOS_DEPLOYMENT_TARGET = 11.2;
				MTL_ENABLE_DEBUG_INFO = NO;
				SDKROOT = iphoneos;
				SWIFT_OPTIMIZATION_LEVEL = "-Owholemodule";
				VALIDATE_PRODUCT = YES;
			};
			name = Release;
		};
		7036CDD4204C10D000105DED /* Debug */ = {
			isa = XCBuildConfiguration;
			buildSettings = {
				ASSETCATALOG_COMPILER_APPICON_NAME = AppIcon;
				CODE_SIGN_STYLE = Automatic;
				DEVELOPMENT_TEAM = X5EL62MCMB;
				INFOPLIST_FILE = CoreMLTuricreate/Info.plist;
				LD_RUNPATH_SEARCH_PATHS = "$(inherited) @executable_path/Frameworks";
				PRODUCT_BUNDLE_IDENTIFIER = net.lennartolsen.CoreMLTuricreate;
				PRODUCT_NAME = "$(TARGET_NAME)";
				SWIFT_VERSION = 4.0;
				TARGETED_DEVICE_FAMILY = "1,2";
			};
			name = Debug;
		};
		7036CDD5204C10D000105DED /* Release */ = {
			isa = XCBuildConfiguration;
			buildSettings = {
				ASSETCATALOG_COMPILER_APPICON_NAME = AppIcon;
				CODE_SIGN_STYLE = Automatic;
				DEVELOPMENT_TEAM = X5EL62MCMB;
				INFOPLIST_FILE = CoreMLTuricreate/Info.plist;
				LD_RUNPATH_SEARCH_PATHS = "$(inherited) @executable_path/Frameworks";
				PRODUCT_BUNDLE_IDENTIFIER = net.lennartolsen.CoreMLTuricreate;
				PRODUCT_NAME = "$(TARGET_NAME)";
				SWIFT_VERSION = 4.0;
				TARGETED_DEVICE_FAMILY = "1,2";
			};
			name = Release;
		};
		7036CDD7204C10D000105DED /* Debug */ = {
			isa = XCBuildConfiguration;
			buildSettings = {
				ALWAYS_EMBED_SWIFT_STANDARD_LIBRARIES = YES;
				BUNDLE_LOADER = "$(TEST_HOST)";
				CODE_SIGN_STYLE = Automatic;
				DEVELOPMENT_TEAM = X5EL62MCMB;
				INFOPLIST_FILE = CoreMLTuricreateTests/Info.plist;
				LD_RUNPATH_SEARCH_PATHS = "$(inherited) @executable_path/Frameworks @loader_path/Frameworks";
				PRODUCT_BUNDLE_IDENTIFIER = net.lennartolsen.CoreMLTuricreateTests;
				PRODUCT_NAME = "$(TARGET_NAME)";
				SWIFT_VERSION = 4.0;
				TARGETED_DEVICE_FAMILY = "1,2";
				TEST_HOST = "$(BUILT_PRODUCTS_DIR)/CoreMLTuricreate.app/CoreMLTuricreate";
			};
			name = Debug;
		};
		7036CDD8204C10D000105DED /* Release */ = {
			isa = XCBuildConfiguration;
			buildSettings = {
				ALWAYS_EMBED_SWIFT_STANDARD_LIBRARIES = YES;
				BUNDLE_LOADER = "$(TEST_HOST)";
				CODE_SIGN_STYLE = Automatic;
				DEVELOPMENT_TEAM = X5EL62MCMB;
				INFOPLIST_FILE = CoreMLTuricreateTests/Info.plist;
				LD_RUNPATH_SEARCH_PATHS = "$(inherited) @executable_path/Frameworks @loader_path/Frameworks";
				PRODUCT_BUNDLE_IDENTIFIER = net.lennartolsen.CoreMLTuricreateTests;
				PRODUCT_NAME = "$(TARGET_NAME)";
				SWIFT_VERSION = 4.0;
				TARGETED_DEVICE_FAMILY = "1,2";
				TEST_HOST = "$(BUILT_PRODUCTS_DIR)/CoreMLTuricreate.app/CoreMLTuricreate";
			};
			name = Release;
		};
		7036CDDA204C10D000105DED /* Debug */ = {
			isa = XCBuildConfiguration;
			buildSettings = {
				ALWAYS_EMBED_SWIFT_STANDARD_LIBRARIES = YES;
				CODE_SIGN_STYLE = Automatic;
				DEVELOPMENT_TEAM = X5EL62MCMB;
				INFOPLIST_FILE = CoreMLTuricreateUITests/Info.plist;
				LD_RUNPATH_SEARCH_PATHS = "$(inherited) @executable_path/Frameworks @loader_path/Frameworks";
				PRODUCT_BUNDLE_IDENTIFIER = net.lennartolsen.CoreMLTuricreateUITests;
				PRODUCT_NAME = "$(TARGET_NAME)";
				SWIFT_VERSION = 4.0;
				TARGETED_DEVICE_FAMILY = "1,2";
				TEST_TARGET_NAME = CoreMLTuricreate;
			};
			name = Debug;
		};
		7036CDDB204C10D000105DED /* Release */ = {
			isa = XCBuildConfiguration;
			buildSettings = {
				ALWAYS_EMBED_SWIFT_STANDARD_LIBRARIES = YES;
				CODE_SIGN_STYLE = Automatic;
				DEVELOPMENT_TEAM = X5EL62MCMB;
				INFOPLIST_FILE = CoreMLTuricreateUITests/Info.plist;
				LD_RUNPATH_SEARCH_PATHS = "$(inherited) @executable_path/Frameworks @loader_path/Frameworks";
				PRODUCT_BUNDLE_IDENTIFIER = net.lennartolsen.CoreMLTuricreateUITests;
				PRODUCT_NAME = "$(TARGET_NAME)";
				SWIFT_VERSION = 4.0;
				TARGETED_DEVICE_FAMILY = "1,2";
				TEST_TARGET_NAME = CoreMLTuricreate;
			};
			name = Release;
		};
/* End XCBuildConfiguration section */

/* Begin XCConfigurationList section */
		7036CDA6204C10D000105DED /* Build configuration list for PBXProject "CoreMLTuricreate" */ = {
			isa = XCConfigurationList;
			buildConfigurations = (
				7036CDD1204C10D000105DED /* Debug */,
				7036CDD2204C10D000105DED /* Release */,
			);
			defaultConfigurationIsVisible = 0;
			defaultConfigurationName = Release;
		};
		7036CDD3204C10D000105DED /* Build configuration list for PBXNativeTarget "CoreMLTuricreate" */ = {
			isa = XCConfigurationList;
			buildConfigurations = (
				7036CDD4204C10D000105DED /* Debug */,
				7036CDD5204C10D000105DED /* Release */,
			);
			defaultConfigurationIsVisible = 0;
			defaultConfigurationName = Release;
		};
		7036CDD6204C10D000105DED /* Build configuration list for PBXNativeTarget "CoreMLTuricreateTests" */ = {
			isa = XCConfigurationList;
			buildConfigurations = (
				7036CDD7204C10D000105DED /* Debug */,
				7036CDD8204C10D000105DED /* Release */,
			);
			defaultConfigurationIsVisible = 0;
			defaultConfigurationName = Release;
		};
		7036CDD9204C10D000105DED /* Build configuration list for PBXNativeTarget "CoreMLTuricreateUITests" */ = {
			isa = XCConfigurationList;
			buildConfigurations = (
				7036CDDA204C10D000105DED /* Debug */,
				7036CDDB204C10D000105DED /* Release */,
			);
			defaultConfigurationIsVisible = 0;
			defaultConfigurationName = Release;
		};
/* End XCConfigurationList section */
	};
	rootObject = 7036CDA3204C10D000105DED /* Project object */;
}
